
Microsoft Visual Studio Solution File, Format Version 12.00
# Visual Studio Version 17
VisualStudioVersion = 17.11.35327.3
MinimumVisualStudioVersion = 10.0.40219.1
Project("{FAE04EC0-301F-11D3-BF4B-00C04F79EFBC}") = "calculadora cientifica", "calculadora cientifica.csproj", "{20EFE16A-4B9A-45D6-B3CD-E75FFDA48772}"
EndProject
Global
	GlobalSection(SolutionConfigurationPlatforms) = preSolution
		Debug|Any CPU = Debug|Any CPU
		Release|Any CPU = Release|Any CPU
	EndGlobalSection
	GlobalSection(ProjectConfigurationPlatforms) = postSolution
		{20EFE16A-4B9A-45D6-B3CD-E75FFDA48772}.Debug|Any CPU.ActiveCfg = Debug|Any CPU
		{20EFE16A-4B9A-45D6-B3CD-E75FFDA48772}.Debug|Any CPU.Build.0 = Debug|Any CPU
		{20EFE16A-4B9A-45D6-B3CD-E75FFDA48772}.Release|Any CPU.ActiveCfg = Release|Any CPU
		{20EFE16A-4B9A-45D6-B3CD-E75FFDA48772}.Release|Any CPU.Build.0 = Release|Any CPU
	EndGlobalSection
	GlobalSection(SolutionProperties) = preSolution
		HideSolutionNode = FALSE
	EndGlobalSection
	GlobalSection(ExtensibilityGlobals) = postSolution
		SolutionGuid = {75106448-8E6C-41F8-B74A-A0029D52A6D1}
	EndGlobalSection
EndGlobal
